<?xml version="1.0" encoding="utf-8"?>
<Project ToolsVersion="4.0" xmlns="http://schemas.microsoft.com/developer/msbuild/2003">
  <ItemGroup>
    <ClInclude Include="imgui_impl_orx.h">
      <Filter>imgui_orx</Filter>
    </ClInclude>
    <ClInclude Include="oak.h" />
    <ClInclude Include="enum_utility.h">
      <Filter>common</Filter>
    </ClInclude>
    <ClInclude Include="ini.h">
      <Filter>common</Filter>
    </ClInclude>
    <ClInclude Include="string_utility.h">
      <Filter>common</Filter>
    </ClInclude>
    <ClInclude Include="targetver.h">
      <Filter>common</Filter>
    </ClInclude>
    <ClInclude Include="stdafx.h">
      <Filter>common</Filter>
    </ClInclude>
    <ClInclude Include="ui_component.h">
      <Filter>core</Filter>
    </ClInclude>
    <ClInclude Include="resource_tree.h">
      <Filter>core</Filter>
    </ClInclude>
    <ClInclude Include="graph_node.h">
      <Filter>core</Filter>
    </ClInclude>
    <ClInclude Include="core.h">
      <Filter>core</Filter>
    </ClInclude>
    <ClInclude Include="oak_logger.h">
      <Filter>common</Filter>
    </ClInclude>
  </ItemGroup>
  <ItemGroup>
    <ClCompile Include="imgui_impl_orx.cpp">
      <Filter>imgui_orx</Filter>
    </ClCompile>
    <ClCompile Include="oak.cpp" />
    <ClCompile Include="string_utility.cpp">
      <Filter>common</Filter>
    </ClCompile>
    <ClCompile Include="stdafx.cpp">
      <Filter>common</Filter>
    </ClCompile>
    <ClCompile Include="ui_component.cpp">
      <Filter>core</Filter>
    </ClCompile>
    <ClCompile Include="resource_tree.cpp">
      <Filter>core</Filter>
    </ClCompile>
    <ClCompile Include="graph_node.cpp">
      <Filter>core</Filter>
    </ClCompile>
    <ClCompile Include="core.cpp">
      <Filter>core</Filter>
    </ClCompile>
    <ClCompile Include="oak_logger.cpp">
      <Filter>common</Filter>
    </ClCompile>
  </ItemGroup>
  <ItemGroup>
    <Filter Include="imgui_orx">
      <UniqueIdentifier>{f99deb18-5822-4590-ab5e-f87799ffd9d2}</UniqueIdentifier>
    </Filter>
    <Filter Include="common">
      <UniqueIdentifier>{d881160a-6026-492e-a919-b3b7be6e6258}</UniqueIdentifier>
    </Filter>
    <Filter Include="core">
      <UniqueIdentifier>{e5f0dadd-3591-4fba-929d-9d7d67f3fb56}</UniqueIdentifier>
    </Filter>
  </ItemGroup>
  <ItemGroup>
    <None Include="oak.ini" />
  </ItemGroup>
</Project>